
Microsoft Visual Studio Solution File, Format Version 12.00
# Visual Studio Version 16
VisualStudioVersion = 16.0.30717.126
MinimumVisualStudioVersion = 10.0.40219.1
Project("{2150E333-8FDC-42A3-9474-1A3956D46DE8}") = "Lesson1", "Lesson1", "{B0216EF5-B053-4C36-9CB7-410C08C3CE0D}"
EndProject
Project("{2150E333-8FDC-42A3-9474-1A3956D46DE8}") = "Start", "Start", "{EABA7336-004F-48A3-9E57-9B4DB4966314}"
EndProject
Project("{2150E333-8FDC-42A3-9474-1A3956D46DE8}") = "Solution", "Solution", "{775A1267-07F1-4505-BF6B-D1F9D9D0C511}"
EndProject
Project("{FAE04EC0-301F-11D3-BF4B-00C04F79EFBC}") = "Lesson.Console", "Lesson1\Start\Lesson.Console\Lesson.Console.csproj", "{050672AC-F7A4-4E96-8A91-4188A95FC68F}"
EndProject
Project("{9A19103F-16F7-4668-BE54-9A1E7A4F7556}") = "Lesson.Console", "Lesson1\Solution\Lesson.Console\Lesson.Console.csproj", "{89FAED3F-5EFD-4FB1-90E3-2B4AC78DDAA0}"
EndProject
Project("{2150E333-8FDC-42A3-9474-1A3956D46DE8}") = "Lesson2", "Lesson2", "{8187DDF3-495C-42F6-8B78-98EFA6DBF66A}"
EndProject
Project("{2150E333-8FDC-42A3-9474-1A3956D46DE8}") = "Start", "Start", "{525D2E8B-392F-44D6-B551-A6EE3987D299}"
EndProject
Project("{2150E333-8FDC-42A3-9474-1A3956D46DE8}") = "Solution", "Solution", "{06992C6D-3033-4752-ADCE-6417229C5A51}"
EndProject
Project("{9A19103F-16F7-4668-BE54-9A1E7A4F7556}") = "Lesson.Console", "Lesson2\Start\Lesson.Console\Lesson.Console.csproj", "{BDEFAE72-3FAA-4DB9-AC8D-7DB01B078D99}"
EndProject
Project("{9A19103F-16F7-4668-BE54-9A1E7A4F7556}") = "Lesson.Console", "Lesson2\Solution\Lesson.Console\Lesson.Console.csproj", "{4BDE6E91-ABDB-4B5D-B3A1-7D426C762849}"
EndProject
Project("{FAE04EC0-301F-11D3-BF4B-00C04F79EFBC}") = "Lesson.Contracts", "Lesson2\Solution\Lesson.Contracts\Lesson.Contracts.csproj", "{17C56105-A54F-4E14-8B42-1ECC718D8772}"
EndProject
Project("{FAE04EC0-301F-11D3-BF4B-00C04F79EFBC}") = "Lesson.Domain", "Lesson2\Solution\Lesson.Domain\Lesson.Domain.csproj", "{EE986114-CFB1-4FD5-A4C5-422C54366213}"
EndProject
Project("{FAE04EC0-301F-11D3-BF4B-00C04F79EFBC}") = "Lesson.Domain.Tests", "Lesson2\Solution\Lesson.Domain.Tests\Lesson.Domain.Tests.csproj", "{1DB5D4D8-1CFF-40CC-9E6C-DEE0E45DB497}"
EndProject
Project("{2150E333-8FDC-42A3-9474-1A3956D46DE8}") = "Lesson3", "Lesson3", "{4C210A96-03A1-49AD-90A3-14AB921B1E76}"
EndProject
Project("{2150E333-8FDC-42A3-9474-1A3956D46DE8}") = "Start", "Start", "{3ADCF381-B994-4C13-906C-046A986A1479}"
EndProject
Project("{2150E333-8FDC-42A3-9474-1A3956D46DE8}") = "Solution", "Solution", "{7BE7A797-EBAB-4BB9-9C94-8F282B76AF6E}"
EndProject
Project("{9A19103F-16F7-4668-BE54-9A1E7A4F7556}") = "Lesson.Console", "Lesson3\Start\Lesson.Console\Lesson.Console.csproj", "{C5D83FCD-5E6A-45C5-BEEB-2D7D28AAB598}"
EndProject
Project("{9A19103F-16F7-4668-BE54-9A1E7A4F7556}") = "Lesson.Contracts", "Lesson3\Start\Lesson.Contracts\Lesson.Contracts.csproj", "{3A0ED2E6-F15D-49CE-94F0-DD37DF12B7C5}"
EndProject
Project("{9A19103F-16F7-4668-BE54-9A1E7A4F7556}") = "Lesson.Domain", "Lesson3\Start\Lesson.Domain\Lesson.Domain.csproj", "{5024993F-8BE0-4BB0-9D20-19D77E6F7DBE}"
EndProject
Project("{9A19103F-16F7-4668-BE54-9A1E7A4F7556}") = "Lesson.Domain.Tests", "Lesson3\Start\Lesson.Domain.Tests\Lesson.Domain.Tests.csproj", "{C61E5B1B-6CB7-4E90-A64C-8A4B72A7B45F}"
EndProject
Project("{9A19103F-16F7-4668-BE54-9A1E7A4F7556}") = "Lesson.Console", "Lesson3\Solution\Lesson.Console\Lesson.Console.csproj", "{EB5463A7-21D8-4EBE-8292-6F86B2979146}"
EndProject
Project("{9A19103F-16F7-4668-BE54-9A1E7A4F7556}") = "Lesson.Contracts", "Lesson3\Solution\Lesson.Contracts\Lesson.Contracts.csproj", "{BA4182BB-2422-4572-91D8-9231ACECB8D6}"
EndProject
Project("{9A19103F-16F7-4668-BE54-9A1E7A4F7556}") = "Lesson.Domain", "Lesson3\Solution\Lesson.Domain\Lesson.Domain.csproj", "{2902E6F6-70FD-41B7-B6C5-AD23F18439EF}"
EndProject
Project("{9A19103F-16F7-4668-BE54-9A1E7A4F7556}") = "Lesson.Domain.Tests", "Lesson3\Solution\Lesson.Domain.Tests\Lesson.Domain.Tests.csproj", "{113F2B1F-92FE-4665-8560-0BAA8F4D00A3}"
EndProject
Project("{FAE04EC0-301F-11D3-BF4B-00C04F79EFBC}") = "Shared.Csv", "Lesson3\Solution\Shared.Csv\Shared.Csv.csproj", "{C07DEC42-0973-4114-A111-EBAAD2666D12}"
EndProject
Project("{2150E333-8FDC-42A3-9474-1A3956D46DE8}") = "Lesson4", "Lesson4", "{F56EB3DD-3532-4C60-B593-2FA8347A4CD5}"
EndProject
Project("{2150E333-8FDC-42A3-9474-1A3956D46DE8}") = "Start", "Start", "{B46CBC57-C8CE-455A-BB29-ED2F2BEE12D9}"
EndProject
Project("{2150E333-8FDC-42A3-9474-1A3956D46DE8}") = "Solution", "Solution", "{9B880DA3-05B8-4A77-9204-C28543CD8292}"
EndProject
Project("{9A19103F-16F7-4668-BE54-9A1E7A4F7556}") = "Lesson.Console", "Lesson4\Start\Lesson.Console\Lesson.Console.csproj", "{B27BC496-098C-436E-89EC-76EDF2D2D7AD}"
EndProject
Project("{9A19103F-16F7-4668-BE54-9A1E7A4F7556}") = "Lesson.Contracts", "Lesson4\Start\Lesson.Contracts\Lesson.Contracts.csproj", "{093F7783-DEE8-45F8-BED4-7C58E8B8E522}"
EndProject
Project("{9A19103F-16F7-4668-BE54-9A1E7A4F7556}") = "Lesson.Domain", "Lesson4\Start\Lesson.Domain\Lesson.Domain.csproj", "{E662FF00-36ED-405C-A0A1-7D44E8901778}"
EndProject
Project("{9A19103F-16F7-4668-BE54-9A1E7A4F7556}") = "Lesson.Domain.Tests", "Lesson4\Start\Lesson.Domain.Tests\Lesson.Domain.Tests.csproj", "{78DCC1AB-FC26-4456-A454-E80E2B4263B6}"
EndProject
Project("{9A19103F-16F7-4668-BE54-9A1E7A4F7556}") = "Shared.Csv", "Lesson4\Start\Shared.Csv\Shared.Csv.csproj", "{0B9F24BF-1BCC-44B0-B4B6-09C161E4304B}"
EndProject
Project("{9A19103F-16F7-4668-BE54-9A1E7A4F7556}") = "Lesson.Console", "Lesson4\Solution\Lesson.Console\Lesson.Console.csproj", "{FD335ECC-B373-4CF1-A32C-B995FF196CF0}"
EndProject
Project("{9A19103F-16F7-4668-BE54-9A1E7A4F7556}") = "Lesson.Contracts", "Lesson4\Solution\Lesson.Contracts\Lesson.Contracts.csproj", "{58BCF10F-FA93-4B4A-A125-8306DB5D9A26}"
EndProject
Project("{9A19103F-16F7-4668-BE54-9A1E7A4F7556}") = "Lesson.Domain", "Lesson4\Solution\Lesson.Domain\Lesson.Domain.csproj", "{086DF67F-09F1-45BE-A890-57D5928C4759}"
EndProject
Project("{9A19103F-16F7-4668-BE54-9A1E7A4F7556}") = "Lesson.Domain.Tests", "Lesson4\Solution\Lesson.Domain.Tests\Lesson.Domain.Tests.csproj", "{17C84C33-E3A5-4E2E-BB6F-2BB6CC0670D1}"
EndProject
Project("{9A19103F-16F7-4668-BE54-9A1E7A4F7556}") = "Shared.Csv", "Lesson4\Solution\Shared.Csv\Shared.Csv.csproj", "{0ABF6E44-9D64-4A4E-81B2-CEE4B0D5052A}"
EndProject
Global
	GlobalSection(SolutionConfigurationPlatforms) = preSolution
		Debug|Any CPU = Debug|Any CPU
		Release|Any CPU = Release|Any CPU
	EndGlobalSection
	GlobalSection(ProjectConfigurationPlatforms) = postSolution
		{050672AC-F7A4-4E96-8A91-4188A95FC68F}.Debug|Any CPU.ActiveCfg = Debug|Any CPU
		{050672AC-F7A4-4E96-8A91-4188A95FC68F}.Debug|Any CPU.Build.0 = Debug|Any CPU
		{050672AC-F7A4-4E96-8A91-4188A95FC68F}.Release|Any CPU.ActiveCfg = Release|Any CPU
		{050672AC-F7A4-4E96-8A91-4188A95FC68F}.Release|Any CPU.Build.0 = Release|Any CPU
		{89FAED3F-5EFD-4FB1-90E3-2B4AC78DDAA0}.Debug|Any CPU.ActiveCfg = Debug|Any CPU
		{89FAED3F-5EFD-4FB1-90E3-2B4AC78DDAA0}.Debug|Any CPU.Build.0 = Debug|Any CPU
		{89FAED3F-5EFD-4FB1-90E3-2B4AC78DDAA0}.Release|Any CPU.ActiveCfg = Release|Any CPU
		{89FAED3F-5EFD-4FB1-90E3-2B4AC78DDAA0}.Release|Any CPU.Build.0 = Release|Any CPU
		{BDEFAE72-3FAA-4DB9-AC8D-7DB01B078D99}.Debug|Any CPU.ActiveCfg = Debug|Any CPU
		{BDEFAE72-3FAA-4DB9-AC8D-7DB01B078D99}.Debug|Any CPU.Build.0 = Debug|Any CPU
		{BDEFAE72-3FAA-4DB9-AC8D-7DB01B078D99}.Release|Any CPU.ActiveCfg = Release|Any CPU
		{BDEFAE72-3FAA-4DB9-AC8D-7DB01B078D99}.Release|Any CPU.Build.0 = Release|Any CPU
		{4BDE6E91-ABDB-4B5D-B3A1-7D426C762849}.Debug|Any CPU.ActiveCfg = Debug|Any CPU
		{4BDE6E91-ABDB-4B5D-B3A1-7D426C762849}.Debug|Any CPU.Build.0 = Debug|Any CPU
		{4BDE6E91-ABDB-4B5D-B3A1-7D426C762849}.Release|Any CPU.ActiveCfg = Release|Any CPU
		{4BDE6E91-ABDB-4B5D-B3A1-7D426C762849}.Release|Any CPU.Build.0 = Release|Any CPU
		{17C56105-A54F-4E14-8B42-1ECC718D8772}.Debug|Any CPU.ActiveCfg = Debug|Any CPU
		{17C56105-A54F-4E14-8B42-1ECC718D8772}.Debug|Any CPU.Build.0 = Debug|Any CPU
		{17C56105-A54F-4E14-8B42-1ECC718D8772}.Release|Any CPU.ActiveCfg = Release|Any CPU
		{17C56105-A54F-4E14-8B42-1ECC718D8772}.Release|Any CPU.Build.0 = Release|Any CPU
		{EE986114-CFB1-4FD5-A4C5-422C54366213}.Debug|Any CPU.ActiveCfg = Debug|Any CPU
		{EE986114-CFB1-4FD5-A4C5-422C54366213}.Debug|Any CPU.Build.0 = Debug|Any CPU
		{EE986114-CFB1-4FD5-A4C5-422C54366213}.Release|Any CPU.ActiveCfg = Release|Any CPU
		{EE986114-CFB1-4FD5-A4C5-422C54366213}.Release|Any CPU.Build.0 = Release|Any CPU
		{1DB5D4D8-1CFF-40CC-9E6C-DEE0E45DB497}.Debug|Any CPU.ActiveCfg = Debug|Any CPU
		{1DB5D4D8-1CFF-40CC-9E6C-DEE0E45DB497}.Debug|Any CPU.Build.0 = Debug|Any CPU
		{1DB5D4D8-1CFF-40CC-9E6C-DEE0E45DB497}.Release|Any CPU.ActiveCfg = Release|Any CPU
		{1DB5D4D8-1CFF-40CC-9E6C-DEE0E45DB497}.Release|Any CPU.Build.0 = Release|Any CPU
		{C5D83FCD-5E6A-45C5-BEEB-2D7D28AAB598}.Debug|Any CPU.ActiveCfg = Debug|Any CPU
		{C5D83FCD-5E6A-45C5-BEEB-2D7D28AAB598}.Debug|Any CPU.Build.0 = Debug|Any CPU
		{C5D83FCD-5E6A-45C5-BEEB-2D7D28AAB598}.Release|Any CPU.ActiveCfg = Release|Any CPU
		{C5D83FCD-5E6A-45C5-BEEB-2D7D28AAB598}.Release|Any CPU.Build.0 = Release|Any CPU
		{3A0ED2E6-F15D-49CE-94F0-DD37DF12B7C5}.Debug|Any CPU.ActiveCfg = Debug|Any CPU
		{3A0ED2E6-F15D-49CE-94F0-DD37DF12B7C5}.Debug|Any CPU.Build.0 = Debug|Any CPU
		{3A0ED2E6-F15D-49CE-94F0-DD37DF12B7C5}.Release|Any CPU.ActiveCfg = Release|Any CPU
		{3A0ED2E6-F15D-49CE-94F0-DD37DF12B7C5}.Release|Any CPU.Build.0 = Release|Any CPU
		{5024993F-8BE0-4BB0-9D20-19D77E6F7DBE}.Debug|Any CPU.ActiveCfg = Debug|Any CPU
		{5024993F-8BE0-4BB0-9D20-19D77E6F7DBE}.Debug|Any CPU.Build.0 = Debug|Any CPU
		{5024993F-8BE0-4BB0-9D20-19D77E6F7DBE}.Release|Any CPU.ActiveCfg = Release|Any CPU
		{5024993F-8BE0-4BB0-9D20-19D77E6F7DBE}.Release|Any CPU.Build.0 = Release|Any CPU
		{C61E5B1B-6CB7-4E90-A64C-8A4B72A7B45F}.Debug|Any CPU.ActiveCfg = Debug|Any CPU
		{C61E5B1B-6CB7-4E90-A64C-8A4B72A7B45F}.Debug|Any CPU.Build.0 = Debug|Any CPU
		{C61E5B1B-6CB7-4E90-A64C-8A4B72A7B45F}.Release|Any CPU.ActiveCfg = Release|Any CPU
		{C61E5B1B-6CB7-4E90-A64C-8A4B72A7B45F}.Release|Any CPU.Build.0 = Release|Any CPU
		{EB5463A7-21D8-4EBE-8292-6F86B2979146}.Debug|Any CPU.ActiveCfg = Debug|Any CPU
		{EB5463A7-21D8-4EBE-8292-6F86B2979146}.Debug|Any CPU.Build.0 = Debug|Any CPU
		{EB5463A7-21D8-4EBE-8292-6F86B2979146}.Release|Any CPU.ActiveCfg = Release|Any CPU
		{EB5463A7-21D8-4EBE-8292-6F86B2979146}.Release|Any CPU.Build.0 = Release|Any CPU
		{BA4182BB-2422-4572-91D8-9231ACECB8D6}.Debug|Any CPU.ActiveCfg = Debug|Any CPU
		{BA4182BB-2422-4572-91D8-9231ACECB8D6}.Debug|Any CPU.Build.0 = Debug|Any CPU
		{BA4182BB-2422-4572-91D8-9231ACECB8D6}.Release|Any CPU.ActiveCfg = Release|Any CPU
		{BA4182BB-2422-4572-91D8-9231ACECB8D6}.Release|Any CPU.Build.0 = Release|Any CPU
		{2902E6F6-70FD-41B7-B6C5-AD23F18439EF}.Debug|Any CPU.ActiveCfg = Debug|Any CPU
		{2902E6F6-70FD-41B7-B6C5-AD23F18439EF}.Debug|Any CPU.Build.0 = Debug|Any CPU
		{2902E6F6-70FD-41B7-B6C5-AD23F18439EF}.Release|Any CPU.ActiveCfg = Release|Any CPU
		{2902E6F6-70FD-41B7-B6C5-AD23F18439EF}.Release|Any CPU.Build.0 = Release|Any CPU
		{113F2B1F-92FE-4665-8560-0BAA8F4D00A3}.Debug|Any CPU.ActiveCfg = Debug|Any CPU
		{113F2B1F-92FE-4665-8560-0BAA8F4D00A3}.Debug|Any CPU.Build.0 = Debug|Any CPU
		{113F2B1F-92FE-4665-8560-0BAA8F4D00A3}.Release|Any CPU.ActiveCfg = Release|Any CPU
		{113F2B1F-92FE-4665-8560-0BAA8F4D00A3}.Release|Any CPU.Build.0 = Release|Any CPU
		{C07DEC42-0973-4114-A111-EBAAD2666D12}.Debug|Any CPU.ActiveCfg = Debug|Any CPU
		{C07DEC42-0973-4114-A111-EBAAD2666D12}.Debug|Any CPU.Build.0 = Debug|Any CPU
		{C07DEC42-0973-4114-A111-EBAAD2666D12}.Release|Any CPU.ActiveCfg = Release|Any CPU
		{C07DEC42-0973-4114-A111-EBAAD2666D12}.Release|Any CPU.Build.0 = Release|Any CPU
		{B27BC496-098C-436E-89EC-76EDF2D2D7AD}.Debug|Any CPU.ActiveCfg = Debug|Any CPU
		{B27BC496-098C-436E-89EC-76EDF2D2D7AD}.Debug|Any CPU.Build.0 = Debug|Any CPU
		{B27BC496-098C-436E-89EC-76EDF2D2D7AD}.Release|Any CPU.ActiveCfg = Release|Any CPU
		{B27BC496-098C-436E-89EC-76EDF2D2D7AD}.Release|Any CPU.Build.0 = Release|Any CPU
		{093F7783-DEE8-45F8-BED4-7C58E8B8E522}.Debug|Any CPU.ActiveCfg = Debug|Any CPU
		{093F7783-DEE8-45F8-BED4-7C58E8B8E522}.Debug|Any CPU.Build.0 = Debug|Any CPU
		{093F7783-DEE8-45F8-BED4-7C58E8B8E522}.Release|Any CPU.ActiveCfg = Release|Any CPU
		{093F7783-DEE8-45F8-BED4-7C58E8B8E522}.Release|Any CPU.Build.0 = Release|Any CPU
		{E662FF00-36ED-405C-A0A1-7D44E8901778}.Debug|Any CPU.ActiveCfg = Debug|Any CPU
		{E662FF00-36ED-405C-A0A1-7D44E8901778}.Debug|Any CPU.Build.0 = Debug|Any CPU
		{E662FF00-36ED-405C-A0A1-7D44E8901778}.Release|Any CPU.ActiveCfg = Release|Any CPU
		{E662FF00-36ED-405C-A0A1-7D44E8901778}.Release|Any CPU.Build.0 = Release|Any CPU
		{78DCC1AB-FC26-4456-A454-E80E2B4263B6}.Debug|Any CPU.ActiveCfg = Debug|Any CPU
		{78DCC1AB-FC26-4456-A454-E80E2B4263B6}.Debug|Any CPU.Build.0 = Debug|Any CPU
		{78DCC1AB-FC26-4456-A454-E80E2B4263B6}.Release|Any CPU.ActiveCfg = Release|Any CPU
		{78DCC1AB-FC26-4456-A454-E80E2B4263B6}.Release|Any CPU.Build.0 = Release|Any CPU
		{0B9F24BF-1BCC-44B0-B4B6-09C161E4304B}.Debug|Any CPU.ActiveCfg = Debug|Any CPU
		{0B9F24BF-1BCC-44B0-B4B6-09C161E4304B}.Debug|Any CPU.Build.0 = Debug|Any CPU
		{0B9F24BF-1BCC-44B0-B4B6-09C161E4304B}.Release|Any CPU.ActiveCfg = Release|Any CPU
		{0B9F24BF-1BCC-44B0-B4B6-09C161E4304B}.Release|Any CPU.Build.0 = Release|Any CPU
		{FD335ECC-B373-4CF1-A32C-B995FF196CF0}.Debug|Any CPU.ActiveCfg = Debug|Any CPU
		{FD335ECC-B373-4CF1-A32C-B995FF196CF0}.Debug|Any CPU.Build.0 = Debug|Any CPU
		{FD335ECC-B373-4CF1-A32C-B995FF196CF0}.Release|Any CPU.ActiveCfg = Release|Any CPU
		{FD335ECC-B373-4CF1-A32C-B995FF196CF0}.Release|Any CPU.Build.0 = Release|Any CPU
		{58BCF10F-FA93-4B4A-A125-8306DB5D9A26}.Debug|Any CPU.ActiveCfg = Debug|Any CPU
		{58BCF10F-FA93-4B4A-A125-8306DB5D9A26}.Debug|Any CPU.Build.0 = Debug|Any CPU
		{58BCF10F-FA93-4B4A-A125-8306DB5D9A26}.Release|Any CPU.ActiveCfg = Release|Any CPU
		{58BCF10F-FA93-4B4A-A125-8306DB5D9A26}.Release|Any CPU.Build.0 = Release|Any CPU
		{086DF67F-09F1-45BE-A890-57D5928C4759}.Debug|Any CPU.ActiveCfg = Debug|Any CPU
		{086DF67F-09F1-45BE-A890-57D5928C4759}.Debug|Any CPU.Build.0 = Debug|Any CPU
		{086DF67F-09F1-45BE-A890-57D5928C4759}.Release|Any CPU.ActiveCfg = Release|Any CPU
		{086DF67F-09F1-45BE-A890-57D5928C4759}.Release|Any CPU.Build.0 = Release|Any CPU
		{17C84C33-E3A5-4E2E-BB6F-2BB6CC0670D1}.Debug|Any CPU.ActiveCfg = Debug|Any CPU
		{17C84C33-E3A5-4E2E-BB6F-2BB6CC0670D1}.Debug|Any CPU.Build.0 = Debug|Any CPU
		{17C84C33-E3A5-4E2E-BB6F-2BB6CC0670D1}.Release|Any CPU.ActiveCfg = Release|Any CPU
		{17C84C33-E3A5-4E2E-BB6F-2BB6CC0670D1}.Release|Any CPU.Build.0 = Release|Any CPU
		{0ABF6E44-9D64-4A4E-81B2-CEE4B0D5052A}.Debug|Any CPU.ActiveCfg = Debug|Any CPU
		{0ABF6E44-9D64-4A4E-81B2-CEE4B0D5052A}.Debug|Any CPU.Build.0 = Debug|Any CPU
		{0ABF6E44-9D64-4A4E-81B2-CEE4B0D5052A}.Release|Any CPU.ActiveCfg = Release|Any CPU
		{0ABF6E44-9D64-4A4E-81B2-CEE4B0D5052A}.Release|Any CPU.Build.0 = Release|Any CPU
	EndGlobalSection
	GlobalSection(SolutionProperties) = preSolution
		HideSolutionNode = FALSE
	EndGlobalSection
	GlobalSection(NestedProjects) = preSolution
		{EABA7336-004F-48A3-9E57-9B4DB4966314} = {B0216EF5-B053-4C36-9CB7-410C08C3CE0D}
		{775A1267-07F1-4505-BF6B-D1F9D9D0C511} = {B0216EF5-B053-4C36-9CB7-410C08C3CE0D}
		{050672AC-F7A4-4E96-8A91-4188A95FC68F} = {EABA7336-004F-48A3-9E57-9B4DB4966314}
		{89FAED3F-5EFD-4FB1-90E3-2B4AC78DDAA0} = {775A1267-07F1-4505-BF6B-D1F9D9D0C511}
		{525D2E8B-392F-44D6-B551-A6EE3987D299} = {8187DDF3-495C-42F6-8B78-98EFA6DBF66A}
		{06992C6D-3033-4752-ADCE-6417229C5A51} = {8187DDF3-495C-42F6-8B78-98EFA6DBF66A}
		{BDEFAE72-3FAA-4DB9-AC8D-7DB01B078D99} = {525D2E8B-392F-44D6-B551-A6EE3987D299}
		{4BDE6E91-ABDB-4B5D-B3A1-7D426C762849} = {06992C6D-3033-4752-ADCE-6417229C5A51}
		{17C56105-A54F-4E14-8B42-1ECC718D8772} = {06992C6D-3033-4752-ADCE-6417229C5A51}
		{EE986114-CFB1-4FD5-A4C5-422C54366213} = {06992C6D-3033-4752-ADCE-6417229C5A51}
		{1DB5D4D8-1CFF-40CC-9E6C-DEE0E45DB497} = {06992C6D-3033-4752-ADCE-6417229C5A51}
		{3ADCF381-B994-4C13-906C-046A986A1479} = {4C210A96-03A1-49AD-90A3-14AB921B1E76}
		{7BE7A797-EBAB-4BB9-9C94-8F282B76AF6E} = {4C210A96-03A1-49AD-90A3-14AB921B1E76}
		{C5D83FCD-5E6A-45C5-BEEB-2D7D28AAB598} = {3ADCF381-B994-4C13-906C-046A986A1479}
		{3A0ED2E6-F15D-49CE-94F0-DD37DF12B7C5} = {3ADCF381-B994-4C13-906C-046A986A1479}
		{5024993F-8BE0-4BB0-9D20-19D77E6F7DBE} = {3ADCF381-B994-4C13-906C-046A986A1479}
		{C61E5B1B-6CB7-4E90-A64C-8A4B72A7B45F} = {3ADCF381-B994-4C13-906C-046A986A1479}
		{EB5463A7-21D8-4EBE-8292-6F86B2979146} = {7BE7A797-EBAB-4BB9-9C94-8F282B76AF6E}
		{BA4182BB-2422-4572-91D8-9231ACECB8D6} = {7BE7A797-EBAB-4BB9-9C94-8F282B76AF6E}
		{2902E6F6-70FD-41B7-B6C5-AD23F18439EF} = {7BE7A797-EBAB-4BB9-9C94-8F282B76AF6E}
		{113F2B1F-92FE-4665-8560-0BAA8F4D00A3} = {7BE7A797-EBAB-4BB9-9C94-8F282B76AF6E}
		{C07DEC42-0973-4114-A111-EBAAD2666D12} = {7BE7A797-EBAB-4BB9-9C94-8F282B76AF6E}
		{B46CBC57-C8CE-455A-BB29-ED2F2BEE12D9} = {F56EB3DD-3532-4C60-B593-2FA8347A4CD5}
		{9B880DA3-05B8-4A77-9204-C28543CD8292} = {F56EB3DD-3532-4C60-B593-2FA8347A4CD5}
		{B27BC496-098C-436E-89EC-76EDF2D2D7AD} = {B46CBC57-C8CE-455A-BB29-ED2F2BEE12D9}
		{093F7783-DEE8-45F8-BED4-7C58E8B8E522} = {B46CBC57-C8CE-455A-BB29-ED2F2BEE12D9}
		{E662FF00-36ED-405C-A0A1-7D44E8901778} = {B46CBC57-C8CE-455A-BB29-ED2F2BEE12D9}
		{78DCC1AB-FC26-4456-A454-E80E2B4263B6} = {B46CBC57-C8CE-455A-BB29-ED2F2BEE12D9}
		{0B9F24BF-1BCC-44B0-B4B6-09C161E4304B} = {B46CBC57-C8CE-455A-BB29-ED2F2BEE12D9}
		{FD335ECC-B373-4CF1-A32C-B995FF196CF0} = {9B880DA3-05B8-4A77-9204-C28543CD8292}
		{58BCF10F-FA93-4B4A-A125-8306DB5D9A26} = {9B880DA3-05B8-4A77-9204-C28543CD8292}
		{086DF67F-09F1-45BE-A890-57D5928C4759} = {9B880DA3-05B8-4A77-9204-C28543CD8292}
		{17C84C33-E3A5-4E2E-BB6F-2BB6CC0670D1} = {9B880DA3-05B8-4A77-9204-C28543CD8292}
		{0ABF6E44-9D64-4A4E-81B2-CEE4B0D5052A} = {9B880DA3-05B8-4A77-9204-C28543CD8292}
	EndGlobalSection
	GlobalSection(ExtensibilityGlobals) = postSolution
		SolutionGuid = {02C913DD-94EE-4C4F-984A-B6EFDB598624}
	EndGlobalSection
EndGlobal
