
Microsoft Visual Studio Solution File, Format Version 12.00
# Visual Studio Version 16
VisualStudioVersion = 16.0.30517.126
MinimumVisualStudioVersion = 10.0.40219.1
Project("{2150E333-8FDC-42A3-9474-1A3956D46DE8}") = "2-FirstRefactor", "2-FirstRefactor", "{F6B3F24F-B9AF-4130-8EF9-16CC4922AA29}"
EndProject
Project("{9A19103F-16F7-4668-BE54-9A1E7A4F7556}") = "SoftwareDoneProperly.FirstRefactor.Console", "2-FirstRefactor\SoftwareDoneProperly.FirstRefactor.Console\SoftwareDoneProperly.FirstRefactor.Console.csproj", "{A6A9AE27-D0C7-4C48-A04D-9458A3C1E705}"
EndProject
Project("{2150E333-8FDC-42A3-9474-1A3956D46DE8}") = "1-InitialCode", "1-InitialCode", "{0B7724E1-A654-422E-806B-1721DD78BDDA}"
EndProject
Project("{9A19103F-16F7-4668-BE54-9A1E7A4F7556}") = "SoftwareDoneProperly.Console", "1-InitialCode\SoftwareDoneProperly.Console\SoftwareDoneProperly.Console.csproj", "{96F39FD3-BB6B-4CCF-8D5B-264D9DFD79E4}"
EndProject
Project("{9A19103F-16F7-4668-BE54-9A1E7A4F7556}") = "SoftwareDoneProperly.FirstRefactor.Final.Console", "2-FirstRefactor\SoftwareDoneProperly.FirstRefactor.Final.Console\SoftwareDoneProperly.FirstRefactor.Final.Console.csproj", "{7EAD12EF-3BCA-4D4E-806D-AE350F305F5B}"
EndProject
Project("{2150E333-8FDC-42A3-9474-1A3956D46DE8}") = "3-SecondRefactor", "3-SecondRefactor", "{39374DCD-9705-46C1-A518-78150B8B231F}"
EndProject
Project("{2150E333-8FDC-42A3-9474-1A3956D46DE8}") = "Reusable", "Reusable", "{368333DB-C2A7-4E22-B4B0-49C6261F80BF}"
EndProject
Project("{2150E333-8FDC-42A3-9474-1A3956D46DE8}") = "4-FinalRefactor", "4-FinalRefactor", "{F8FDE333-694B-4211-87B6-8C9754D334C1}"
EndProject
Project("{9A19103F-16F7-4668-BE54-9A1E7A4F7556}") = "Contracts", "3-SecondRefactor\Contracts\Contracts.csproj", "{8566EF7C-5E78-4A0C-B3A1-BA7150103295}"
EndProject
Project("{9A19103F-16F7-4668-BE54-9A1E7A4F7556}") = "Infrastructure", "3-SecondRefactor\Infrastructure\Infrastructure.csproj", "{02FE8455-A69B-4AC0-B944-A7E0B829E975}"
EndProject
Project("{9A19103F-16F7-4668-BE54-9A1E7A4F7556}") = "Console", "3-SecondRefactor\Console\Console.csproj", "{D3417EB9-386D-4646-AA13-92F29D9F9253}"
EndProject
Project("{9A19103F-16F7-4668-BE54-9A1E7A4F7556}") = "Console", "4-FinalRefactor\Console\Console.csproj", "{3BBD77BE-182A-42EA-91DE-321561972AF7}"
EndProject
Project("{9A19103F-16F7-4668-BE54-9A1E7A4F7556}") = "Contracts", "4-FinalRefactor\Contracts\Contracts.csproj", "{4985B7A5-683B-43C2-A3B9-BFA86CF2D06C}"
EndProject
Project("{9A19103F-16F7-4668-BE54-9A1E7A4F7556}") = "Domain", "4-FinalRefactor\Domain\Domain.csproj", "{D1ED5061-940E-42BD-8BB0-1A798DA1DEF2}"
EndProject
Project("{9A19103F-16F7-4668-BE54-9A1E7A4F7556}") = "SharedDapper", "Reusable\SharedDapper\SharedDapper.csproj", "{8003F4D6-3998-4271-BB03-C5884660FC79}"
EndProject
Project("{9A19103F-16F7-4668-BE54-9A1E7A4F7556}") = "SharedCsv", "Reusable\SharedCsv\SharedCsv.csproj", "{92D8F5CD-9BA8-463C-9A0C-005DF18181F9}"
EndProject
Project("{9A19103F-16F7-4668-BE54-9A1E7A4F7556}") = "Infrastructure", "4-FinalRefactor\Infrastructure\Infrastructure.csproj", "{DE98C797-E4A6-4FF4-BED4-778F232C95FE}"
EndProject
Project("{9A19103F-16F7-4668-BE54-9A1E7A4F7556}") = "Domain.Tests", "4-FinalRefactor\Domain.Tests\Domain.Tests.csproj", "{8966344F-5047-4BBE-8A36-917DCA85B3D4}"
EndProject
Project("{9A19103F-16F7-4668-BE54-9A1E7A4F7556}") = "Domain", "3-SecondRefactor\Domain\Domain.csproj", "{128244E6-7A62-4A78-9EAE-A8FB0B6151E5}"
EndProject
Project("{FAE04EC0-301F-11D3-BF4B-00C04F79EFBC}") = "Infrastructure.Tests", "4-FinalRefactor\Infrastructure.Tests\Infrastructure.Tests.csproj", "{AAC060C9-DC4B-4905-89B6-D48349215750}"
EndProject
Global
	GlobalSection(SolutionConfigurationPlatforms) = preSolution
		Debug|Any CPU = Debug|Any CPU
		Release|Any CPU = Release|Any CPU
	EndGlobalSection
	GlobalSection(ProjectConfigurationPlatforms) = postSolution
		{A6A9AE27-D0C7-4C48-A04D-9458A3C1E705}.Debug|Any CPU.ActiveCfg = Debug|Any CPU
		{A6A9AE27-D0C7-4C48-A04D-9458A3C1E705}.Debug|Any CPU.Build.0 = Debug|Any CPU
		{A6A9AE27-D0C7-4C48-A04D-9458A3C1E705}.Release|Any CPU.ActiveCfg = Release|Any CPU
		{A6A9AE27-D0C7-4C48-A04D-9458A3C1E705}.Release|Any CPU.Build.0 = Release|Any CPU
		{96F39FD3-BB6B-4CCF-8D5B-264D9DFD79E4}.Debug|Any CPU.ActiveCfg = Debug|Any CPU
		{96F39FD3-BB6B-4CCF-8D5B-264D9DFD79E4}.Debug|Any CPU.Build.0 = Debug|Any CPU
		{96F39FD3-BB6B-4CCF-8D5B-264D9DFD79E4}.Release|Any CPU.ActiveCfg = Release|Any CPU
		{96F39FD3-BB6B-4CCF-8D5B-264D9DFD79E4}.Release|Any CPU.Build.0 = Release|Any CPU
		{7EAD12EF-3BCA-4D4E-806D-AE350F305F5B}.Debug|Any CPU.ActiveCfg = Debug|Any CPU
		{7EAD12EF-3BCA-4D4E-806D-AE350F305F5B}.Debug|Any CPU.Build.0 = Debug|Any CPU
		{7EAD12EF-3BCA-4D4E-806D-AE350F305F5B}.Release|Any CPU.ActiveCfg = Release|Any CPU
		{7EAD12EF-3BCA-4D4E-806D-AE350F305F5B}.Release|Any CPU.Build.0 = Release|Any CPU
		{8566EF7C-5E78-4A0C-B3A1-BA7150103295}.Debug|Any CPU.ActiveCfg = Debug|Any CPU
		{8566EF7C-5E78-4A0C-B3A1-BA7150103295}.Debug|Any CPU.Build.0 = Debug|Any CPU
		{8566EF7C-5E78-4A0C-B3A1-BA7150103295}.Release|Any CPU.ActiveCfg = Release|Any CPU
		{8566EF7C-5E78-4A0C-B3A1-BA7150103295}.Release|Any CPU.Build.0 = Release|Any CPU
		{02FE8455-A69B-4AC0-B944-A7E0B829E975}.Debug|Any CPU.ActiveCfg = Debug|Any CPU
		{02FE8455-A69B-4AC0-B944-A7E0B829E975}.Debug|Any CPU.Build.0 = Debug|Any CPU
		{02FE8455-A69B-4AC0-B944-A7E0B829E975}.Release|Any CPU.ActiveCfg = Release|Any CPU
		{02FE8455-A69B-4AC0-B944-A7E0B829E975}.Release|Any CPU.Build.0 = Release|Any CPU
		{D3417EB9-386D-4646-AA13-92F29D9F9253}.Debug|Any CPU.ActiveCfg = Debug|Any CPU
		{D3417EB9-386D-4646-AA13-92F29D9F9253}.Debug|Any CPU.Build.0 = Debug|Any CPU
		{D3417EB9-386D-4646-AA13-92F29D9F9253}.Release|Any CPU.ActiveCfg = Release|Any CPU
		{D3417EB9-386D-4646-AA13-92F29D9F9253}.Release|Any CPU.Build.0 = Release|Any CPU
		{3BBD77BE-182A-42EA-91DE-321561972AF7}.Debug|Any CPU.ActiveCfg = Debug|Any CPU
		{3BBD77BE-182A-42EA-91DE-321561972AF7}.Debug|Any CPU.Build.0 = Debug|Any CPU
		{3BBD77BE-182A-42EA-91DE-321561972AF7}.Release|Any CPU.ActiveCfg = Release|Any CPU
		{3BBD77BE-182A-42EA-91DE-321561972AF7}.Release|Any CPU.Build.0 = Release|Any CPU
		{4985B7A5-683B-43C2-A3B9-BFA86CF2D06C}.Debug|Any CPU.ActiveCfg = Debug|Any CPU
		{4985B7A5-683B-43C2-A3B9-BFA86CF2D06C}.Debug|Any CPU.Build.0 = Debug|Any CPU
		{4985B7A5-683B-43C2-A3B9-BFA86CF2D06C}.Release|Any CPU.ActiveCfg = Release|Any CPU
		{4985B7A5-683B-43C2-A3B9-BFA86CF2D06C}.Release|Any CPU.Build.0 = Release|Any CPU
		{D1ED5061-940E-42BD-8BB0-1A798DA1DEF2}.Debug|Any CPU.ActiveCfg = Debug|Any CPU
		{D1ED5061-940E-42BD-8BB0-1A798DA1DEF2}.Debug|Any CPU.Build.0 = Debug|Any CPU
		{D1ED5061-940E-42BD-8BB0-1A798DA1DEF2}.Release|Any CPU.ActiveCfg = Release|Any CPU
		{D1ED5061-940E-42BD-8BB0-1A798DA1DEF2}.Release|Any CPU.Build.0 = Release|Any CPU
		{8003F4D6-3998-4271-BB03-C5884660FC79}.Debug|Any CPU.ActiveCfg = Debug|Any CPU
		{8003F4D6-3998-4271-BB03-C5884660FC79}.Debug|Any CPU.Build.0 = Debug|Any CPU
		{8003F4D6-3998-4271-BB03-C5884660FC79}.Release|Any CPU.ActiveCfg = Release|Any CPU
		{8003F4D6-3998-4271-BB03-C5884660FC79}.Release|Any CPU.Build.0 = Release|Any CPU
		{92D8F5CD-9BA8-463C-9A0C-005DF18181F9}.Debug|Any CPU.ActiveCfg = Debug|Any CPU
		{92D8F5CD-9BA8-463C-9A0C-005DF18181F9}.Debug|Any CPU.Build.0 = Debug|Any CPU
		{92D8F5CD-9BA8-463C-9A0C-005DF18181F9}.Release|Any CPU.ActiveCfg = Release|Any CPU
		{92D8F5CD-9BA8-463C-9A0C-005DF18181F9}.Release|Any CPU.Build.0 = Release|Any CPU
		{DE98C797-E4A6-4FF4-BED4-778F232C95FE}.Debug|Any CPU.ActiveCfg = Debug|Any CPU
		{DE98C797-E4A6-4FF4-BED4-778F232C95FE}.Debug|Any CPU.Build.0 = Debug|Any CPU
		{DE98C797-E4A6-4FF4-BED4-778F232C95FE}.Release|Any CPU.ActiveCfg = Release|Any CPU
		{DE98C797-E4A6-4FF4-BED4-778F232C95FE}.Release|Any CPU.Build.0 = Release|Any CPU
		{8966344F-5047-4BBE-8A36-917DCA85B3D4}.Debug|Any CPU.ActiveCfg = Debug|Any CPU
		{8966344F-5047-4BBE-8A36-917DCA85B3D4}.Debug|Any CPU.Build.0 = Debug|Any CPU
		{8966344F-5047-4BBE-8A36-917DCA85B3D4}.Release|Any CPU.ActiveCfg = Release|Any CPU
		{8966344F-5047-4BBE-8A36-917DCA85B3D4}.Release|Any CPU.Build.0 = Release|Any CPU
		{128244E6-7A62-4A78-9EAE-A8FB0B6151E5}.Debug|Any CPU.ActiveCfg = Debug|Any CPU
		{128244E6-7A62-4A78-9EAE-A8FB0B6151E5}.Debug|Any CPU.Build.0 = Debug|Any CPU
		{128244E6-7A62-4A78-9EAE-A8FB0B6151E5}.Release|Any CPU.ActiveCfg = Release|Any CPU
		{128244E6-7A62-4A78-9EAE-A8FB0B6151E5}.Release|Any CPU.Build.0 = Release|Any CPU
		{AAC060C9-DC4B-4905-89B6-D48349215750}.Debug|Any CPU.ActiveCfg = Debug|Any CPU
		{AAC060C9-DC4B-4905-89B6-D48349215750}.Debug|Any CPU.Build.0 = Debug|Any CPU
		{AAC060C9-DC4B-4905-89B6-D48349215750}.Release|Any CPU.ActiveCfg = Release|Any CPU
		{AAC060C9-DC4B-4905-89B6-D48349215750}.Release|Any CPU.Build.0 = Release|Any CPU
	EndGlobalSection
	GlobalSection(SolutionProperties) = preSolution
		HideSolutionNode = FALSE
	EndGlobalSection
	GlobalSection(NestedProjects) = preSolution
		{A6A9AE27-D0C7-4C48-A04D-9458A3C1E705} = {F6B3F24F-B9AF-4130-8EF9-16CC4922AA29}
		{96F39FD3-BB6B-4CCF-8D5B-264D9DFD79E4} = {0B7724E1-A654-422E-806B-1721DD78BDDA}
		{7EAD12EF-3BCA-4D4E-806D-AE350F305F5B} = {F6B3F24F-B9AF-4130-8EF9-16CC4922AA29}
		{8566EF7C-5E78-4A0C-B3A1-BA7150103295} = {39374DCD-9705-46C1-A518-78150B8B231F}
		{02FE8455-A69B-4AC0-B944-A7E0B829E975} = {39374DCD-9705-46C1-A518-78150B8B231F}
		{D3417EB9-386D-4646-AA13-92F29D9F9253} = {39374DCD-9705-46C1-A518-78150B8B231F}
		{3BBD77BE-182A-42EA-91DE-321561972AF7} = {F8FDE333-694B-4211-87B6-8C9754D334C1}
		{4985B7A5-683B-43C2-A3B9-BFA86CF2D06C} = {F8FDE333-694B-4211-87B6-8C9754D334C1}
		{D1ED5061-940E-42BD-8BB0-1A798DA1DEF2} = {F8FDE333-694B-4211-87B6-8C9754D334C1}
		{8003F4D6-3998-4271-BB03-C5884660FC79} = {368333DB-C2A7-4E22-B4B0-49C6261F80BF}
		{92D8F5CD-9BA8-463C-9A0C-005DF18181F9} = {368333DB-C2A7-4E22-B4B0-49C6261F80BF}
		{DE98C797-E4A6-4FF4-BED4-778F232C95FE} = {F8FDE333-694B-4211-87B6-8C9754D334C1}
		{8966344F-5047-4BBE-8A36-917DCA85B3D4} = {F8FDE333-694B-4211-87B6-8C9754D334C1}
		{128244E6-7A62-4A78-9EAE-A8FB0B6151E5} = {39374DCD-9705-46C1-A518-78150B8B231F}
		{AAC060C9-DC4B-4905-89B6-D48349215750} = {F8FDE333-694B-4211-87B6-8C9754D334C1}
	EndGlobalSection
	GlobalSection(ExtensibilityGlobals) = postSolution
		SolutionGuid = {C79A7B1A-F271-47CE-8F23-0B6C40578C5D}
	EndGlobalSection
EndGlobal
