
Microsoft Visual Studio Solution File, Format Version 12.00
# Visual Studio Version 16
VisualStudioVersion = 16.0.30517.126
MinimumVisualStudioVersion = 10.0.40219.1
Project("{FAE04EC0-301F-11D3-BF4B-00C04F79EFBC}") = "Amazon.OrderProcessingService.Service", "Amazon.OrderProcessingService\Amazon.OrderProcessingService.Service.csproj", "{8F453C8F-B43D-4C59-B78C-7B7FF1122FEA}"
EndProject
Project("{FAE04EC0-301F-11D3-BF4B-00C04F79EFBC}") = "Amazon.OrderProcessingService.Domain", "Amazon.OrderProcessingService.Domain\Amazon.OrderProcessingService.Domain.csproj", "{FDFF1113-B597-4CF4-84BF-C48205AA6E62}"
EndProject
Project("{FAE04EC0-301F-11D3-BF4B-00C04F79EFBC}") = "Amazon.OrderProcessingService.Infrastructure", "Amazon.OrderProcessingService.Infrastructure\Amazon.OrderProcessingService.Infrastructure.csproj", "{ABA07CD8-EF5D-4032-893F-5DFE3AA93CF9}"
EndProject
Project("{FAE04EC0-301F-11D3-BF4B-00C04F79EFBC}") = "Amazon.OrderProcessingService.Domain.Tests", "Amazon.OrderProcessingService.Domain.Tests\Amazon.OrderProcessingService.Domain.Tests.csproj", "{5D824A71-B7FA-4BE0-9DF9-E1E0372F1DE7}"
EndProject
Project("{FAE04EC0-301F-11D3-BF4B-00C04F79EFBC}") = "Amazon.OrderProcessingService.Infrastructure.Tests", "Amazon.OrderProcessingService.Infrastructure.Tests\Amazon.OrderProcessingService.Infrastructure.Tests.csproj", "{8679003B-55AD-45CF-84F7-732B3392B8C5}"
EndProject
Project("{FAE04EC0-301F-11D3-BF4B-00C04F79EFBC}") = "Tdd", "Tdd\Tdd.csproj", "{E615C8D0-3ED8-4DA7-8C9A-00D911FCF665}"
EndProject
Global
	GlobalSection(SolutionConfigurationPlatforms) = preSolution
		Debug|Any CPU = Debug|Any CPU
		Release|Any CPU = Release|Any CPU
	EndGlobalSection
	GlobalSection(ProjectConfigurationPlatforms) = postSolution
		{8F453C8F-B43D-4C59-B78C-7B7FF1122FEA}.Debug|Any CPU.ActiveCfg = Debug|Any CPU
		{8F453C8F-B43D-4C59-B78C-7B7FF1122FEA}.Debug|Any CPU.Build.0 = Debug|Any CPU
		{8F453C8F-B43D-4C59-B78C-7B7FF1122FEA}.Release|Any CPU.ActiveCfg = Release|Any CPU
		{8F453C8F-B43D-4C59-B78C-7B7FF1122FEA}.Release|Any CPU.Build.0 = Release|Any CPU
		{FDFF1113-B597-4CF4-84BF-C48205AA6E62}.Debug|Any CPU.ActiveCfg = Debug|Any CPU
		{FDFF1113-B597-4CF4-84BF-C48205AA6E62}.Debug|Any CPU.Build.0 = Debug|Any CPU
		{FDFF1113-B597-4CF4-84BF-C48205AA6E62}.Release|Any CPU.ActiveCfg = Release|Any CPU
		{FDFF1113-B597-4CF4-84BF-C48205AA6E62}.Release|Any CPU.Build.0 = Release|Any CPU
		{ABA07CD8-EF5D-4032-893F-5DFE3AA93CF9}.Debug|Any CPU.ActiveCfg = Debug|Any CPU
		{ABA07CD8-EF5D-4032-893F-5DFE3AA93CF9}.Debug|Any CPU.Build.0 = Debug|Any CPU
		{ABA07CD8-EF5D-4032-893F-5DFE3AA93CF9}.Release|Any CPU.ActiveCfg = Release|Any CPU
		{ABA07CD8-EF5D-4032-893F-5DFE3AA93CF9}.Release|Any CPU.Build.0 = Release|Any CPU
		{5D824A71-B7FA-4BE0-9DF9-E1E0372F1DE7}.Debug|Any CPU.ActiveCfg = Debug|Any CPU
		{5D824A71-B7FA-4BE0-9DF9-E1E0372F1DE7}.Debug|Any CPU.Build.0 = Debug|Any CPU
		{5D824A71-B7FA-4BE0-9DF9-E1E0372F1DE7}.Release|Any CPU.ActiveCfg = Release|Any CPU
		{5D824A71-B7FA-4BE0-9DF9-E1E0372F1DE7}.Release|Any CPU.Build.0 = Release|Any CPU
		{8679003B-55AD-45CF-84F7-732B3392B8C5}.Debug|Any CPU.ActiveCfg = Debug|Any CPU
		{8679003B-55AD-45CF-84F7-732B3392B8C5}.Debug|Any CPU.Build.0 = Debug|Any CPU
		{8679003B-55AD-45CF-84F7-732B3392B8C5}.Release|Any CPU.ActiveCfg = Release|Any CPU
		{8679003B-55AD-45CF-84F7-732B3392B8C5}.Release|Any CPU.Build.0 = Release|Any CPU
		{E615C8D0-3ED8-4DA7-8C9A-00D911FCF665}.Debug|Any CPU.ActiveCfg = Debug|Any CPU
		{E615C8D0-3ED8-4DA7-8C9A-00D911FCF665}.Debug|Any CPU.Build.0 = Debug|Any CPU
		{E615C8D0-3ED8-4DA7-8C9A-00D911FCF665}.Release|Any CPU.ActiveCfg = Release|Any CPU
		{E615C8D0-3ED8-4DA7-8C9A-00D911FCF665}.Release|Any CPU.Build.0 = Release|Any CPU
	EndGlobalSection
	GlobalSection(SolutionProperties) = preSolution
		HideSolutionNode = FALSE
	EndGlobalSection
	GlobalSection(ExtensibilityGlobals) = postSolution
		SolutionGuid = {07059248-795A-47BF-953B-101C31BE6631}
	EndGlobalSection
EndGlobal
